
Microsoft Visual Studio Solution File, Format Version 12.00
# Visual Studio Version 17
VisualStudioVersion = 17.0.31912.275
MinimumVisualStudioVersion = 10.0.40219.1
Project("{8BC9CEB8-8B4A-11D0-8D11-00A0C91BC942}") = "test_8_19_2", "test_8_19_2\test_8_19_2.vcxproj", "{43632809-AB63-4074-8F4C-50DCBD980FEB}"
EndProject
Global
	GlobalSection(SolutionConfigurationPlatforms) = preSolution
		Debug|x64 = Debug|x64
		Debug|x86 = Debug|x86
		Release|x64 = Release|x64
		Release|x86 = Release|x86
	EndGlobalSection
	GlobalSection(ProjectConfigurationPlatforms) = postSolution
		{43632809-AB63-4074-8F4C-50DCBD980FEB}.Debug|x64.ActiveCfg = Debug|x64
		{43632809-AB63-4074-8F4C-50DCBD980FEB}.Debug|x64.Build.0 = Debug|x64
		{43632809-AB63-4074-8F4C-50DCBD980FEB}.Debug|x86.ActiveCfg = Debug|Win32
		{43632809-AB63-4074-8F4C-50DCBD980FEB}.Debug|x86.Build.0 = Debug|Win32
		{43632809-AB63-4074-8F4C-50DCBD980FEB}.Release|x64.ActiveCfg = Release|x64
		{43632809-AB63-4074-8F4C-50DCBD980FEB}.Release|x64.Build.0 = Release|x64
		{43632809-AB63-4074-8F4C-50DCBD980FEB}.Release|x86.ActiveCfg = Release|Win32
		{43632809-AB63-4074-8F4C-50DCBD980FEB}.Release|x86.Build.0 = Release|Win32
	EndGlobalSection
	GlobalSection(SolutionProperties) = preSolution
		HideSolutionNode = FALSE
	EndGlobalSection
	GlobalSection(ExtensibilityGlobals) = postSolution
		SolutionGuid = {EE345BED-1618-4D04-BEDA-D1F8263F5D0D}
	EndGlobalSection
EndGlobal
